
Microsoft Visual Studio Solution File, Format Version 11.00
# Visual Studio 2010
Project("{FAE04EC0-301F-11D3-BF4B-00C04F79EFBC}") = "EfficientlyLazy.PhotoFramer", "EfficientlyLazy.PhotoFramer\EfficientlyLazy.PhotoFramer.csproj", "{D1122B36-C859-4F22-9B75-07EE4DC8D452}"
EndProject
Project("{FAE04EC0-301F-11D3-BF4B-00C04F79EFBC}") = "EfficientlyLazy.PhotoFramer.UI", "EfficientlyLazy.PhotoFramer.UI\EfficientlyLazy.PhotoFramer.UI.csproj", "{F54CA372-05CC-43C8-AAA9-FCBA7D0D7600}"
EndProject
Global
	GlobalSection(SolutionConfigurationPlatforms) = preSolution
		Debug|Any CPU = Debug|Any CPU
		Release|Any CPU = Release|Any CPU
	EndGlobalSection
	GlobalSection(ProjectConfigurationPlatforms) = postSolution
		{D1122B36-C859-4F22-9B75-07EE4DC8D452}.Debug|Any CPU.ActiveCfg = Debug|Any CPU
		{D1122B36-C859-4F22-9B75-07EE4DC8D452}.Debug|Any CPU.Build.0 = Debug|Any CPU
		{D1122B36-C859-4F22-9B75-07EE4DC8D452}.Release|Any CPU.ActiveCfg = Release|Any CPU
		{D1122B36-C859-4F22-9B75-07EE4DC8D452}.Release|Any CPU.Build.0 = Release|Any CPU
		{F54CA372-05CC-43C8-AAA9-FCBA7D0D7600}.Debug|Any CPU.ActiveCfg = Debug|Any CPU
		{F54CA372-05CC-43C8-AAA9-FCBA7D0D7600}.Debug|Any CPU.Build.0 = Debug|Any CPU
		{F54CA372-05CC-43C8-AAA9-FCBA7D0D7600}.Release|Any CPU.ActiveCfg = Release|Any CPU
		{F54CA372-05CC-43C8-AAA9-FCBA7D0D7600}.Release|Any CPU.Build.0 = Release|Any CPU
	EndGlobalSection
	GlobalSection(SolutionProperties) = preSolution
		HideSolutionNode = FALSE
	EndGlobalSection
EndGlobal
